# This file is autogenerated, do not edit; changes may be undone by the next 'dep ensure'.


[[projects]]
  name = "github.com/DataDog/datadog-go"
  packages = ["statsd"]
  revision = "e67964b4021ad3a334e748e8811eb3cd6becbc6e"
  version = "2.1.0"

[solve-meta]
  analyzer-name = "dep"
  analyzer-version = 1
  inputs-digest = "58eeaea03159ea17f6cdc7ec56517a01637918f067c7c2e6dafe6394accd4ea1"
  solver-name = "gps-cdcl"
  solver-version = 1
