# This file is autogenerated, do not edit; changes may be undone by the next 'dep ensure'.


[[projects]]
  digest = "1:bd285ec20a7450d2272631284de698f2d76e923a458fee90e99cc1db4b97708d"
  name = "github.com/DataDog/datadog-go"
  packages = ["statsd"]
  pruneopts = "UT"
  revision = "e67964b4021ad3a334e748e8811eb3cd6becbc6e"
  version = "2.1.0"

[[projects]]
  digest = "1:6361fc2f37f6a779924d408a955883db8ae02255a26473517b03cd0a80f8cdd5"
  name = "github.com/go-redis/redis"
  packages = [
    ".",
    "internal",
    "internal/consistenthash",
    "internal/hashtag",
    "internal/pool",
    "internal/proto",
    "internal/singleflight",
    "internal/util",
  ]
  pruneopts = "UT"
  revision = "877867d2845fbaf86798befe410b6ceb6f5c29a3"
  version = "v6.10.2"

[solve-meta]
  analyzer-name = "dep"
  analyzer-version = 1
  input-imports = [
    "github.com/DataDog/datadog-go/statsd",
    "github.com/go-redis/redis",
  ]
  solver-name = "gps-cdcl"
  solver-version = 1
